// !$*UTF8*$!
{
	archiveVersion = 1;
	classes = {
	};
	objectVersion = 46;
	objects = {

/* Begin PBXBuildFile section */
		D776C0951C989A4E00500F68 /* main.m in Sources */ = {isa = PBXBuildFile; fileRef = D776C0941C989A4E00500F68 /* main.m */; };
		D776C0981C989A4E00500F68 /* AppDelegate.m in Sources */ = {isa = PBXBuildFile; fileRef = D776C0971C989A4E00500F68 /* AppDelegate.m */; };
		D776C09B1C989A4E00500F68 /* ViewController.m in Sources */ = {isa = PBXBuildFile; fileRef = D776C09A1C989A4E00500F68 /* ViewController.m */; };
		D776C09E1C989A4E00500F68 /* Main.storyboard in Resources */ = {isa = PBXBuildFile; fileRef = D776C09C1C989A4E00500F68 /* Main.storyboard */; };
		D776C0A01C989A4E00500F68 /* Assets.xcassets in Resources */ = {isa = PBXBuildFile; fileRef = D776C09F1C989A4E00500F68 /* Assets.xcassets */; };
		D776C0A31C989A4E00500F68 /* LaunchScreen.storyboard in Resources */ = {isa = PBXBuildFile; fileRef = D776C0A11C989A4E00500F68 /* LaunchScreen.storyboard */; };
		D776C0AE1C989A4E00500F68 /* SocketClient1Tests.m in Sources */ = {isa = PBXBuildFile; fileRef = D776C0AD1C989A4E00500F68 /* SocketClient1Tests.m */; };
/* End PBXBuildFile section */

/* Begin PBXContainerItemProxy section */
		D776C0AA1C989A4E00500F68 /* PBXContainerItemProxy */ = {
			isa = PBXContainerItemProxy;
			containerPortal = D776C0881C989A4E00500F68 /* Project object */;
			proxyType = 1;
			remoteGlobalIDString = D776C08F1C989A4E00500F68;
			remoteInfo = SocketClient1;
		};
/* End PBXContainerItemProxy section */

/* Begin PBXFileReference section */
		D776C0901C989A4E00500F68 /* SocketClient1.app */ = {isa = PBXFileReference; explicitFileType = wrapper.application; includeInIndex = 0; path = SocketClient1.app; sourceTree = BUILT_PRODUCTS_DIR; };
		D776C0941C989A4E00500F68 /* main.m */ = {isa = PBXFileReference; lastKnownFileType = sourcecode.c.objc; path = main.m; sourceTree = "<group>"; };
		D776C0961C989A4E00500F68 /* AppDelegate.h */ = {isa = PBXFileReference; lastKnownFileType = sourcecode.c.h; path = AppDelegate.h; sourceTree = "<group>"; };
		D776C0971C989A4E00500F68 /* AppDelegate.m */ = {isa = PBXFileReference; lastKnownFileType = sourcecode.c.objc; path = AppDelegate.m; sourceTree = "<group>"; };
		D776C0991C989A4E00500F68 /* ViewController.h */ = {isa = PBXFileReference; lastKnownFileType = sourcecode.c.h; path = ViewController.h; sourceTree = "<group>"; };
		D776C09A1C989A4E00500F68 /* ViewController.m */ = {isa = PBXFileReference; lastKnownFileType = sourcecode.c.objc; path = ViewController.m; sourceTree = "<group>"; };
		D776C09D1C989A4E00500F68 /* Base */ = {isa = PBXFileReference; lastKnownFileType = file.storyboard; name = Base; path = Base.lproj/Main.storyboard; sourceTree = "<group>"; };
		D776C09F1C989A4E00500F68 /* Assets.xcassets */ = {isa = PBXFileReference; lastKnownFileType = folder.assetcatalog; path = Assets.xcassets; sourceTree = "<group>"; };
		D776C0A21C989A4E00500F68 /* Base */ = {isa = PBXFileReference; lastKnownFileType = file.storyboard; name = Base; path = Base.lproj/LaunchScreen.storyboard; sourceTree = "<group>"; };
		D776C0A41C989A4E00500F68 /* Info.plist */ = {isa = PBXFileReference; lastKnownFileType = text.plist.xml; path = Info.plist; sourceTree = "<group>"; };
		D776C0A91C989A4E00500F68 /* SocketClient1Tests.xctest */ = {isa = PBXFileReference; explicitFileType = wrapper.cfbundle; includeInIndex = 0; path = SocketClient1Tests.xctest; sourceTree = BUILT_PRODUCTS_DIR; };
		D776C0AD1C989A4E00500F68 /* SocketClient1Tests.m */ = {isa = PBXFileReference; lastKnownFileType = sourcecode.c.objc; path = SocketClient1Tests.m; sourceTree = "<group>"; };
		D776C0AF1C989A4E00500F68 /* Info.plist */ = {isa = PBXFileReference; lastKnownFileType = text.plist.xml; path = Info.plist; sourceTree = "<group>"; };
/* End PBXFileReference section */

/* Begin PBXFrameworksBuildPhase section */
		D776C08D1C989A4E00500F68 /* Frameworks */ = {
			isa = PBXFrameworksBuildPhase;
			buildActionMask = 2147483647;
			files = (
			);
			runOnlyForDeploymentPostprocessing = 0;
		};
		D776C0A61C989A4E00500F68 /* Frameworks */ = {
			isa = PBXFrameworksBuildPhase;
			buildActionMask = 2147483647;
			files = (
			);
			runOnlyForDeploymentPostprocessing = 0;
		};
/* End PBXFrameworksBuildPhase section */

/* Begin PBXGroup section */
		D776C0871C989A4E00500F68 = {
			isa = PBXGroup;
			children = (
				D776C0921C989A4E00500F68 /* SocketClient1 */,
				D776C0AC1C989A4E00500F68 /* SocketClient1Tests */,
				D776C0911C989A4E00500F68 /* Products */,
			);
			sourceTree = "<group>";
		};
		D776C0911C989A4E00500F68 /* Products */ = {
			isa = PBXGroup;
			children = (
				D776C0901C989A4E00500F68 /* SocketClient1.app */,
				D776C0A91C989A4E00500F68 /* SocketClient1Tests.xctest */,
			);
			name = Products;
			sourceTree = "<group>";
		};
		D776C0921C989A4E00500F68 /* SocketClient1 */ = {
			isa = PBXGroup;
			children = (
				D776C0961C989A4E00500F68 /* AppDelegate.h */,
				D776C0971C989A4E00500F68 /* AppDelegate.m */,
				D776C0991C989A4E00500F68 /* ViewController.h */,
				D776C09A1C989A4E00500F68 /* ViewController.m */,
				D776C09C1C989A4E00500F68 /* Main.storyboard */,
				D776C09F1C989A4E00500F68 /* Assets.xcassets */,
				D776C0A11C989A4E00500F68 /* LaunchScreen.storyboard */,
				D776C0A41C989A4E00500F68 /* Info.plist */,
				D776C0931C989A4E00500F68 /* Supporting Files */,
			);
			path = SocketClient1;
			sourceTree = "<group>";
		};
		D776C0931C989A4E00500F68 /* Supporting Files */ = {
			isa = PBXGroup;
			children = (
				D776C0941C989A4E00500F68 /* main.m */,
			);
			name = "Supporting Files";
			sourceTree = "<group>";
		};
		D776C0AC1C989A4E00500F68 /* SocketClient1Tests */ = {
			isa = PBXGroup;
			children = (
				D776C0AD1C989A4E00500F68 /* SocketClient1Tests.m */,
				D776C0AF1C989A4E00500F68 /* Info.plist */,
			);
			path = SocketClient1Tests;
			sourceTree = "<group>";
		};
/* End PBXGroup section */

/* Begin PBXNativeTarget section */
		D776C08F1C989A4E00500F68 /* SocketClient1 */ = {
			isa = PBXNativeTarget;
			buildConfigurationList = D776C0B21C989A4E00500F68 /* Build configuration list for PBXNativeTarget "SocketClient1" */;
			buildPhases = (
				D776C08C1C989A4E00500F68 /* Sources */,
				D776C08D1C989A4E00500F68 /* Frameworks */,
				D776C08E1C989A4E00500F68 /* Resources */,
			);
			buildRules = (
			);
			dependencies = (
			);
			name = SocketClient1;
			productName = SocketClient1;
			productReference = D776C0901C989A4E00500F68 /* SocketClient1.app */;
			productType = "com.apple.product-type.application";
		};
		D776C0A81C989A4E00500F68 /* SocketClient1Tests */ = {
			isa = PBXNativeTarget;
			buildConfigurationList = D776C0B51C989A4E00500F68 /* Build configuration list for PBXNativeTarget "SocketClient1Tests" */;
			buildPhases = (
				D776C0A51C989A4E00500F68 /* Sources */,
				D776C0A61C989A4E00500F68 /* Frameworks */,
				D776C0A71C989A4E00500F68 /* Resources */,
			);
			buildRules = (
			);
			dependencies = (
				D776C0AB1C989A4E00500F68 /* PBXTargetDependency */,
			);
			name = SocketClient1Tests;
			productName = SocketClient1Tests;
			productReference = D776C0A91C989A4E00500F68 /* SocketClient1Tests.xctest */;
			productType = "com.apple.product-type.bundle.unit-test";
		};
/* End PBXNativeTarget section */

/* Begin PBXProject section */
		D776C0881C989A4E00500F68 /* Project object */ = {
			isa = PBXProject;
			attributes = {
				LastUpgradeCheck = 0720;
				ORGANIZATIONNAME = magisto;
				TargetAttributes = {
					D776C08F1C989A4E00500F68 = {
						CreatedOnToolsVersion = 7.2.1;
					};
					D776C0A81C989A4E00500F68 = {
						CreatedOnToolsVersion = 7.2.1;
						TestTargetID = D776C08F1C989A4E00500F68;
					};
				};
			};
			buildConfigurationList = D776C08B1C989A4E00500F68 /* Build configuration list for PBXProject "SocketClient1" */;
			compatibilityVersion = "Xcode 3.2";
			developmentRegion = English;
			hasScannedForEncodings = 0;
			knownRegions = (
				en,
				Base,
			);
			mainGroup = D776C0871C989A4E00500F68;
			productRefGroup = D776C0911C989A4E00500F68 /* Products */;
			projectDirPath = "";
			projectRoot = "";
			targets = (
				D776C08F1C989A4E00500F68 /* SocketClient1 */,
				D776C0A81C989A4E00500F68 /* SocketClient1Tests */,
			);
		};
/* End PBXProject section */

/* Begin PBXResourcesBuildPhase section */
		D776C08E1C989A4E00500F68 /* Resources */ = {
			isa = PBXResourcesBuildPhase;
			buildActionMask = 2147483647;
			files = (
				D776C0A31C989A4E00500F68 /* LaunchScreen.storyboard in Resources */,
				D776C0A01C989A4E00500F68 /* Assets.xcassets in Resources */,
				D776C09E1C989A4E00500F68 /* Main.storyboard in Resources */,
			);
			runOnlyForDeploymentPostprocessing = 0;
		};
		D776C0A71C989A4E00500F68 /* Resources */ = {
			isa = PBXResourcesBuildPhase;
			buildActionMask = 2147483647;
			files = (
			);
			runOnlyForDeploymentPostprocessing = 0;
		};
/* End PBXResourcesBuildPhase section */

/* Begin PBXSourcesBuildPhase section */
		D776C08C1C989A4E00500F68 /* Sources */ = {
			isa = PBXSourcesBuildPhase;
			buildActionMask = 2147483647;
			files = (
				D776C09B1C989A4E00500F68 /* ViewController.m in Sources */,
				D776C0981C989A4E00500F68 /* AppDelegate.m in Sources */,
				D776C0951C989A4E00500F68 /* main.m in Sources */,
			);
			runOnlyForDeploymentPostprocessing = 0;
		};
		D776C0A51C989A4E00500F68 /* Sources */ = {
			isa = PBXSourcesBuildPhase;
			buildActionMask = 2147483647;
			files = (
				D776C0AE1C989A4E00500F68 /* SocketClient1Tests.m in Sources */,
			);
			runOnlyForDeploymentPostprocessing = 0;
		};
/* End PBXSourcesBuildPhase section */

/* Begin PBXTargetDependency section */
		D776C0AB1C989A4E00500F68 /* PBXTargetDependency */ = {
			isa = PBXTargetDependency;
			target = D776C08F1C989A4E00500F68 /* SocketClient1 */;
			targetProxy = D776C0AA1C989A4E00500F68 /* PBXContainerItemProxy */;
		};
/* End PBXTargetDependency section */

/* Begin PBXVariantGroup section */
		D776C09C1C989A4E00500F68 /* Main.storyboard */ = {
			isa = PBXVariantGroup;
			children = (
				D776C09D1C989A4E00500F68 /* Base */,
			);
			name = Main.storyboard;
			sourceTree = "<group>";
		};
		D776C0A11C989A4E00500F68 /* LaunchScreen.storyboard */ = {
			isa = PBXVariantGroup;
			children = (
				D776C0A21C989A4E00500F68 /* Base */,
			);
			name = LaunchScreen.storyboard;
			sourceTree = "<group>";
		};
/* End PBXVariantGroup section */

/* Begin XCBuildConfiguration section */
		D776C0B01C989A4E00500F68 /* Debug */ = {
			isa = XCBuildConfiguration;
			buildSettings = {
				ALWAYS_SEARCH_USER_PATHS = NO;
				CLANG_CXX_LANGUAGE_STANDARD = "gnu++0x";
				CLANG_CXX_LIBRARY = "libc++";
				CLANG_ENABLE_MODULES = YES;
				CLANG_ENABLE_OBJC_ARC = YES;
				CLANG_WARN_BOOL_CONVERSION = YES;
				CLANG_WARN_CONSTANT_CONVERSION = YES;
				CLANG_WARN_DIRECT_OBJC_ISA_USAGE = YES_ERROR;
				CLANG_WARN_EMPTY_BODY = YES;
				CLANG_WARN_ENUM_CONVERSION = YES;
				CLANG_WARN_INT_CONVERSION = YES;
				CLANG_WARN_OBJC_ROOT_CLASS = YES_ERROR;
				CLANG_WARN_UNREACHABLE_CODE = YES;
				CLANG_WARN__DUPLICATE_METHOD_MATCH = YES;
				"CODE_SIGN_IDENTITY[sdk=iphoneos*]" = "iPhone Developer";
				COPY_PHASE_STRIP = NO;
				DEBUG_INFORMATION_FORMAT = dwarf;
				ENABLE_STRICT_OBJC_MSGSEND = YES;
				ENABLE_TESTABILITY = YES;
				GCC_C_LANGUAGE_STANDARD = gnu99;
				GCC_DYNAMIC_NO_PIC = NO;
				GCC_NO_COMMON_BLOCKS = YES;
				GCC_OPTIMIZATION_LEVEL = 0;
				GCC_PREPROCESSOR_DEFINITIONS = (
					"DEBUG=1",
					"$(inherited)",
				);
				GCC_WARN_64_TO_32_BIT_CONVERSION = YES;
				GCC_WARN_ABOUT_RETURN_TYPE = YES_ERROR;
				GCC_WARN_UNDECLARED_SELECTOR = YES;
				GCC_WARN_UNINITIALIZED_AUTOS = YES_AGGRESSIVE;
				GCC_WARN_UNUSED_FUNCTION = YES;
				GCC_WARN_UNUSED_VARIABLE = YES;
				IPHONEOS_DEPLOYMENT_TARGET = 9.2;
				MTL_ENABLE_DEBUG_INFO = YES;
				ONLY_ACTIVE_ARCH = YES;
				SDKROOT = iphoneos;
				TARGETED_DEVICE_FAMILY = "1,2";
			};
			name = Debug;
		};
		D776C0B11C989A4E00500F68 /* Release */ = {
			isa = XCBuildConfiguration;
			buildSettings = {
				ALWAYS_SEARCH_USER_PATHS = NO;
				CLANG_CXX_LANGUAGE_STANDARD = "gnu++0x";
				CLANG_CXX_LIBRARY = "libc++";
				CLANG_ENABLE_MODULES = YES;
				CLANG_ENABLE_OBJC_ARC = YES;
				CLANG_WARN_BOOL_CONVERSION = YES;
				CLANG_WARN_CONSTANT_CONVERSION = YES;
				CLANG_WARN_DIRECT_OBJC_ISA_USAGE = YES_ERROR;
				CLANG_WARN_EMPTY_BODY = YES;
				CLANG_WARN_ENUM_CONVERSION = YES;
				CLANG_WARN_INT_CONVERSION = YES;
				CLANG_WARN_OBJC_ROOT_CLASS = YES_ERROR;
				CLANG_WARN_UNREACHABLE_CODE = YES;
				CLANG_WARN__DUPLICATE_METHOD_MATCH = YES;
				"CODE_SIGN_IDENTITY[sdk=iphoneos*]" = "iPhone Developer";
				COPY_PHASE_STRIP = NO;
				DEBUG_INFORMATION_FORMAT = "dwarf-with-dsym";
				ENABLE_NS_ASSERTIONS = NO;
				ENABLE_STRICT_OBJC_MSGSEND = YES;
				GCC_C_LANGUAGE_STANDARD = gnu99;
				GCC_NO_COMMON_BLOCKS = YES;
				GCC_WARN_64_TO_32_BIT_CONVERSION = YES;
				GCC_WARN_ABOUT_RETURN_TYPE = YES_ERROR;
				GCC_WARN_UNDECLARED_SELECTOR = YES;
				GCC_WARN_UNINITIALIZED_AUTOS = YES_AGGRESSIVE;
				GCC_WARN_UNUSED_FUNCTION = YES;
				GCC_WARN_UNUSED_VARIABLE = YES;
				IPHONEOS_DEPLOYMENT_TARGET = 9.2;
				MTL_ENABLE_DEBUG_INFO = NO;
				SDKROOT = iphoneos;
				TARGETED_DEVICE_FAMILY = "1,2";
				VALIDATE_PRODUCT = YES;
			};
			name = Release;
		};
		D776C0B31C989A4E00500F68 /* Debug */ = {
			isa = XCBuildConfiguration;
			buildSettings = {
				ASSETCATALOG_COMPILER_APPICON_NAME = AppIcon;
				INFOPLIST_FILE = SocketClient1/Info.plist;
				LD_RUNPATH_SEARCH_PATHS = "$(inherited) @executable_path/Frameworks";
				PRODUCT_BUNDLE_IDENTIFIER = com.2b.SocketClient1;
				PRODUCT_NAME = "$(TARGET_NAME)";
			};
			name = Debug;
		};
		D776C0B41C989A4E00500F68 /* Release */ = {
			isa = XCBuildConfiguration;
			buildSettings = {
				ASSETCATALOG_COMPILER_APPICON_NAME = AppIcon;
				INFOPLIST_FILE = SocketClient1/Info.plist;
				LD_RUNPATH_SEARCH_PATHS = "$(inherited) @executable_path/Frameworks";
				PRODUCT_BUNDLE_IDENTIFIER = com.2b.SocketClient1;
				PRODUCT_NAME = "$(TARGET_NAME)";
			};
			name = Release;
		};
		D776C0B61C989A4E00500F68 /* Debug */ = {
			isa = XCBuildConfiguration;
			buildSettings = {
				BUNDLE_LOADER = "$(TEST_HOST)";
				INFOPLIST_FILE = SocketClient1Tests/Info.plist;
				LD_RUNPATH_SEARCH_PATHS = "$(inherited) @executable_path/Frameworks @loader_path/Frameworks";
				PRODUCT_BUNDLE_IDENTIFIER = com.2b.SocketClient1Tests;
				PRODUCT_NAME = "$(TARGET_NAME)";
				TEST_HOST = "$(BUILT_PRODUCTS_DIR)/SocketClient1.app/SocketClient1";
			};
			name = Debug;
		};
		D776C0B71C989A4E00500F68 /* Release */ = {
			isa = XCBuildConfiguration;
			buildSettings = {
				BUNDLE_LOADER = "$(TEST_HOST)";
				INFOPLIST_FILE = SocketClient1Tests/Info.plist;
				LD_RUNPATH_SEARCH_PATHS = "$(inherited) @executable_path/Frameworks @loader_path/Frameworks";
				PRODUCT_BUNDLE_IDENTIFIER = com.2b.SocketClient1Tests;
				PRODUCT_NAME = "$(TARGET_NAME)";
				TEST_HOST = "$(BUILT_PRODUCTS_DIR)/SocketClient1.app/SocketClient1";
			};
			name = Release;
		};
/* End XCBuildConfiguration section */

/* Begin XCConfigurationList section */
		D776C08B1C989A4E00500F68 /* Build configuration list for PBXProject "SocketClient1" */ = {
			isa = XCConfigurationList;
			buildConfigurations = (
				D776C0B01C989A4E00500F68 /* Debug */,
				D776C0B11C989A4E00500F68 /* Release */,
			);
			defaultConfigurationIsVisible = 0;
			defaultConfigurationName = Release;
		};
		D776C0B21C989A4E00500F68 /* Build configuration list for PBXNativeTarget "SocketClient1" */ = {
			isa = XCConfigurationList;
			buildConfigurations = (
				D776C0B31C989A4E00500F68 /* Debug */,
				D776C0B41C989A4E00500F68 /* Release */,
			);
			defaultConfigurationIsVisible = 0;
		};
		D776C0B51C989A4E00500F68 /* Build configuration list for PBXNativeTarget "SocketClient1Tests" */ = {
			isa = XCConfigurationList;
			buildConfigurations = (
				D776C0B61C989A4E00500F68 /* Debug */,
				D776C0B71C989A4E00500F68 /* Release */,
			);
			defaultConfigurationIsVisible = 0;
		};
/* End XCConfigurationList section */
	};
	rootObject = D776C0881C989A4E00500F68 /* Project object */;
}
